
Microsoft Visual Studio Solution File, Format Version 12.00
# Visual Studio Version 17
VisualStudioVersion = 17.14.36327.8 d17.14
MinimumVisualStudioVersion = 10.0.40219.1
Project("{FAE04EC0-301F-11D3-BF4B-00C04F79EFBC}") = "ChatClient", "ChatClient\ChatClient.csproj", "{F9E249AD-D2EF-4E5E-AD51-844F9F27CA34}"
EndProject
Project("{FAE04EC0-301F-11D3-BF4B-00C04F79EFBC}") = "ChatServer", "ChatServer\ChatServer.csproj", "{EBDC5757-84D7-492B-A1C3-EC15FF1BFB7A}"
EndProject
Project("{FAE04EC0-301F-11D3-BF4B-00C04F79EFBC}") = "ChatShared", "ChatShared\ChatShared.csproj", "{F83A549B-4241-4481-A3C8-F3880B033B73}"
EndProject
Global
	GlobalSection(SolutionConfigurationPlatforms) = preSolution
		Debug|Any CPU = Debug|Any CPU
		Release|Any CPU = Release|Any CPU
	EndGlobalSection
	GlobalSection(ProjectConfigurationPlatforms) = postSolution
		{F9E249AD-D2EF-4E5E-AD51-844F9F27CA34}.Debug|Any CPU.ActiveCfg = Debug|Any CPU
		{F9E249AD-D2EF-4E5E-AD51-844F9F27CA34}.Debug|Any CPU.Build.0 = Debug|Any CPU
		{F9E249AD-D2EF-4E5E-AD51-844F9F27CA34}.Release|Any CPU.ActiveCfg = Release|Any CPU
		{F9E249AD-D2EF-4E5E-AD51-844F9F27CA34}.Release|Any CPU.Build.0 = Release|Any CPU
		{EBDC5757-84D7-492B-A1C3-EC15FF1BFB7A}.Debug|Any CPU.ActiveCfg = Debug|Any CPU
		{EBDC5757-84D7-492B-A1C3-EC15FF1BFB7A}.Debug|Any CPU.Build.0 = Debug|Any CPU
		{EBDC5757-84D7-492B-A1C3-EC15FF1BFB7A}.Release|Any CPU.ActiveCfg = Release|Any CPU
		{EBDC5757-84D7-492B-A1C3-EC15FF1BFB7A}.Release|Any CPU.Build.0 = Release|Any CPU
		{F83A549B-4241-4481-A3C8-F3880B033B73}.Debug|Any CPU.ActiveCfg = Debug|Any CPU
		{F83A549B-4241-4481-A3C8-F3880B033B73}.Debug|Any CPU.Build.0 = Debug|Any CPU
		{F83A549B-4241-4481-A3C8-F3880B033B73}.Release|Any CPU.ActiveCfg = Release|Any CPU
		{F83A549B-4241-4481-A3C8-F3880B033B73}.Release|Any CPU.Build.0 = Release|Any CPU
	EndGlobalSection
	GlobalSection(SolutionProperties) = preSolution
		HideSolutionNode = FALSE
	EndGlobalSection
	GlobalSection(ExtensibilityGlobals) = postSolution
		SolutionGuid = {EC802F75-FD99-431E-9C13-8C8278C47757}
	EndGlobalSection
EndGlobal
